
Microsoft Visual Studio Solution File, Format Version 12.00
# Visual Studio Version 16
VisualStudioVersion = 16.0.30523.141
MinimumVisualStudioVersion = 10.0.40219.1
Project("{9A19103F-16F7-4668-BE54-9A1E7A4F7556}") = "IoTPi", "IoTPi\IoTPi.csproj", "{B440931F-A486-440B-9510-D9F3603F9992}"
EndProject
Project("{FAE04EC0-301F-11D3-BF4B-00C04F79EFBC}") = "ArduinoSensorTemplates", "ArduinoSensorTemplates\ArduinoSensorTemplates.csproj", "{6547B252-2335-4B83-A0A5-199D18D48FC4}"
EndProject
Global
	GlobalSection(SolutionConfigurationPlatforms) = preSolution
		Debug|Any CPU = Debug|Any CPU
		Debug|x64 = Debug|x64
		Release|Any CPU = Release|Any CPU
		Release|x64 = Release|x64
	EndGlobalSection
	GlobalSection(ProjectConfigurationPlatforms) = postSolution
		{B440931F-A486-440B-9510-D9F3603F9992}.Debug|Any CPU.ActiveCfg = Debug|Any CPU
		{B440931F-A486-440B-9510-D9F3603F9992}.Debug|Any CPU.Build.0 = Debug|Any CPU
		{B440931F-A486-440B-9510-D9F3603F9992}.Debug|x64.ActiveCfg = Debug|x64
		{B440931F-A486-440B-9510-D9F3603F9992}.Debug|x64.Build.0 = Debug|x64
		{B440931F-A486-440B-9510-D9F3603F9992}.Release|Any CPU.ActiveCfg = Release|Any CPU
		{B440931F-A486-440B-9510-D9F3603F9992}.Release|Any CPU.Build.0 = Release|Any CPU
		{B440931F-A486-440B-9510-D9F3603F9992}.Release|x64.ActiveCfg = Release|x64
		{B440931F-A486-440B-9510-D9F3603F9992}.Release|x64.Build.0 = Release|x64
		{6547B252-2335-4B83-A0A5-199D18D48FC4}.Debug|Any CPU.ActiveCfg = Debug|Any CPU
		{6547B252-2335-4B83-A0A5-199D18D48FC4}.Debug|x64.ActiveCfg = Debug|Any CPU
		{6547B252-2335-4B83-A0A5-199D18D48FC4}.Debug|x64.Build.0 = Debug|Any CPU
		{6547B252-2335-4B83-A0A5-199D18D48FC4}.Release|Any CPU.ActiveCfg = Release|Any CPU
		{6547B252-2335-4B83-A0A5-199D18D48FC4}.Release|Any CPU.Build.0 = Release|Any CPU
		{6547B252-2335-4B83-A0A5-199D18D48FC4}.Release|x64.ActiveCfg = Release|Any CPU
		{6547B252-2335-4B83-A0A5-199D18D48FC4}.Release|x64.Build.0 = Release|Any CPU
	EndGlobalSection
	GlobalSection(SolutionProperties) = preSolution
		HideSolutionNode = FALSE
	EndGlobalSection
	GlobalSection(ExtensibilityGlobals) = postSolution
		SolutionGuid = {7FA2C496-4B61-4EE7-AE64-B3F9A58EBEE8}
	EndGlobalSection
EndGlobal
